
Microsoft Visual Studio Solution File, Format Version 12.00
# Visual Studio 15
VisualStudioVersion = 15.0.28307.421
MinimumVisualStudioVersion = 10.0.40219.1
Project("{FAE04EC0-301F-11D3-BF4B-00C04F79EFBC}") = "swimApp", "swimApp\swimApp.csproj", "{BB543D4F-BDF7-424C-A940-EDC8B7D1EE05}"
EndProject
Global
	GlobalSection(SolutionConfigurationPlatforms) = preSolution
		Debug|Any CPU = Debug|Any CPU
		Release|Any CPU = Release|Any CPU
	EndGlobalSection
	GlobalSection(ProjectConfigurationPlatforms) = postSolution
		{BB543D4F-BDF7-424C-A940-EDC8B7D1EE05}.Debug|Any CPU.ActiveCfg = Debug|Any CPU
		{BB543D4F-BDF7-424C-A940-EDC8B7D1EE05}.Debug|Any CPU.Build.0 = Debug|Any CPU
		{BB543D4F-BDF7-424C-A940-EDC8B7D1EE05}.Release|Any CPU.ActiveCfg = Release|Any CPU
		{BB543D4F-BDF7-424C-A940-EDC8B7D1EE05}.Release|Any CPU.Build.0 = Release|Any CPU
	EndGlobalSection
	GlobalSection(SolutionProperties) = preSolution
		HideSolutionNode = FALSE
	EndGlobalSection
	GlobalSection(ExtensibilityGlobals) = postSolution
		SolutionGuid = {C8FBB4BF-BB09-44D7-99C6-27952C9D0C54}
	EndGlobalSection
EndGlobal
