
Microsoft Visual Studio Solution File, Format Version 12.00
# Visual Studio Version 16
VisualStudioVersion = 16.0.29728.190
MinimumVisualStudioVersion = 10.0.40219.1
Project("{FAE04EC0-301F-11D3-BF4B-00C04F79EFBC}") = "Petopia", "Petopia\Petopia.csproj", "{6F3AAF52-386E-44C9-8683-98527ED28724}"
EndProject
Global
	GlobalSection(SolutionConfigurationPlatforms) = preSolution
		Debug|Any CPU = Debug|Any CPU
		Release|Any CPU = Release|Any CPU
	EndGlobalSection
	GlobalSection(ProjectConfigurationPlatforms) = postSolution
		{6F3AAF52-386E-44C9-8683-98527ED28724}.Debug|Any CPU.ActiveCfg = Debug|Any CPU
		{6F3AAF52-386E-44C9-8683-98527ED28724}.Debug|Any CPU.Build.0 = Debug|Any CPU
		{6F3AAF52-386E-44C9-8683-98527ED28724}.Release|Any CPU.ActiveCfg = Release|Any CPU
		{6F3AAF52-386E-44C9-8683-98527ED28724}.Release|Any CPU.Build.0 = Release|Any CPU
	EndGlobalSection
	GlobalSection(SolutionProperties) = preSolution
		HideSolutionNode = FALSE
	EndGlobalSection
	GlobalSection(ExtensibilityGlobals) = postSolution
		SolutionGuid = {FCD26D7F-25C2-449B-9B29-D18CB3444DF7}
	EndGlobalSection
EndGlobal
